
Microsoft Visual Studio Solution File, Format Version 12.00
# Visual Studio Version 17
VisualStudioVersion = 17.6.33815.320
MinimumVisualStudioVersion = 10.0.40219.1
Project("{FAE04EC0-301F-11D3-BF4B-00C04F79EFBC}") = "Assign22", "Assign22\Assign22.csproj", "{CE267FE1-8AED-4289-9731-9D15F75320F2}"
EndProject
Global
	GlobalSection(SolutionConfigurationPlatforms) = preSolution
		Debug|Any CPU = Debug|Any CPU
		Release|Any CPU = Release|Any CPU
	EndGlobalSection
	GlobalSection(ProjectConfigurationPlatforms) = postSolution
		{CE267FE1-8AED-4289-9731-9D15F75320F2}.Debug|Any CPU.ActiveCfg = Debug|Any CPU
		{CE267FE1-8AED-4289-9731-9D15F75320F2}.Debug|Any CPU.Build.0 = Debug|Any CPU
		{CE267FE1-8AED-4289-9731-9D15F75320F2}.Release|Any CPU.ActiveCfg = Release|Any CPU
		{CE267FE1-8AED-4289-9731-9D15F75320F2}.Release|Any CPU.Build.0 = Release|Any CPU
	EndGlobalSection
	GlobalSection(SolutionProperties) = preSolution
		HideSolutionNode = FALSE
	EndGlobalSection
	GlobalSection(ExtensibilityGlobals) = postSolution
		SolutionGuid = {2E4DC210-E780-4827-A044-8A96495A4808}
	EndGlobalSection
EndGlobal
